
Microsoft Visual Studio Solution File, Format Version 12.00
# Visual Studio Version 16
VisualStudioVersion = 16.0.31702.278
MinimumVisualStudioVersion = 10.0.40219.1
Project("{FAE04EC0-301F-11D3-BF4B-00C04F79EFBC}") = "Service", "Service\Service.csproj", "{99784E0F-D195-43BB-9712-E0BF902BF35D}"
EndProject
Project("{FAE04EC0-301F-11D3-BF4B-00C04F79EFBC}") = "Modeles", "Modeles\Modeles.csproj", "{89944E18-1ACD-4C61-A3C3-CDE1DF131FE9}"
EndProject
Project("{FAE04EC0-301F-11D3-BF4B-00C04F79EFBC}") = "MachineCafes", "MachineCafes\MachineCafes.csproj", "{46804C45-149D-437F-BE33-06E9FEA35543}"
EndProject
Global
	GlobalSection(SolutionConfigurationPlatforms) = preSolution
		Debug|Any CPU = Debug|Any CPU
		Release|Any CPU = Release|Any CPU
	EndGlobalSection
	GlobalSection(ProjectConfigurationPlatforms) = postSolution
		{99784E0F-D195-43BB-9712-E0BF902BF35D}.Debug|Any CPU.ActiveCfg = Debug|Any CPU
		{99784E0F-D195-43BB-9712-E0BF902BF35D}.Debug|Any CPU.Build.0 = Debug|Any CPU
		{99784E0F-D195-43BB-9712-E0BF902BF35D}.Release|Any CPU.ActiveCfg = Release|Any CPU
		{99784E0F-D195-43BB-9712-E0BF902BF35D}.Release|Any CPU.Build.0 = Release|Any CPU
		{89944E18-1ACD-4C61-A3C3-CDE1DF131FE9}.Debug|Any CPU.ActiveCfg = Debug|Any CPU
		{89944E18-1ACD-4C61-A3C3-CDE1DF131FE9}.Debug|Any CPU.Build.0 = Debug|Any CPU
		{89944E18-1ACD-4C61-A3C3-CDE1DF131FE9}.Release|Any CPU.ActiveCfg = Release|Any CPU
		{89944E18-1ACD-4C61-A3C3-CDE1DF131FE9}.Release|Any CPU.Build.0 = Release|Any CPU
		{46804C45-149D-437F-BE33-06E9FEA35543}.Debug|Any CPU.ActiveCfg = Debug|Any CPU
		{46804C45-149D-437F-BE33-06E9FEA35543}.Debug|Any CPU.Build.0 = Debug|Any CPU
		{46804C45-149D-437F-BE33-06E9FEA35543}.Release|Any CPU.ActiveCfg = Release|Any CPU
		{46804C45-149D-437F-BE33-06E9FEA35543}.Release|Any CPU.Build.0 = Release|Any CPU
	EndGlobalSection
	GlobalSection(SolutionProperties) = preSolution
		HideSolutionNode = FALSE
	EndGlobalSection
	GlobalSection(ExtensibilityGlobals) = postSolution
		SolutionGuid = {E4D76E57-62AA-49A9-B6FB-85EB23809622}
	EndGlobalSection
EndGlobal
